
Microsoft Visual Studio Solution File, Format Version 12.00
# Visual Studio 2012
Project("{FAE04EC0-301F-11D3-BF4B-00C04F79EFBC}") = "ERP", "ERP\ERP.csproj", "{9FCFE30E-1743-4F0B-98BA-1F7BEC3D1129}"
EndProject
Project("{FAE04EC0-301F-11D3-BF4B-00C04F79EFBC}") = "Datos", "Datos\Datos.csproj", "{0670E448-0CB4-4610-A2C1-54B67D4DB997}"
EndProject
Project("{FAE04EC0-301F-11D3-BF4B-00C04F79EFBC}") = "LogicaDeNegocios", "LogicaDeNegocios\LogicaDeNegocios.csproj", "{9C570EA5-6CB0-45D7-B59E-FBAC6BDF58A0}"
EndProject
Global
	GlobalSection(SolutionConfigurationPlatforms) = preSolution
		Debug|Any CPU = Debug|Any CPU
		Release|Any CPU = Release|Any CPU
	EndGlobalSection
	GlobalSection(ProjectConfigurationPlatforms) = postSolution
		{9FCFE30E-1743-4F0B-98BA-1F7BEC3D1129}.Debug|Any CPU.ActiveCfg = Debug|Any CPU
		{9FCFE30E-1743-4F0B-98BA-1F7BEC3D1129}.Debug|Any CPU.Build.0 = Debug|Any CPU
		{9FCFE30E-1743-4F0B-98BA-1F7BEC3D1129}.Release|Any CPU.ActiveCfg = Release|Any CPU
		{9FCFE30E-1743-4F0B-98BA-1F7BEC3D1129}.Release|Any CPU.Build.0 = Release|Any CPU
		{0670E448-0CB4-4610-A2C1-54B67D4DB997}.Debug|Any CPU.ActiveCfg = Debug|Any CPU
		{0670E448-0CB4-4610-A2C1-54B67D4DB997}.Debug|Any CPU.Build.0 = Debug|Any CPU
		{0670E448-0CB4-4610-A2C1-54B67D4DB997}.Release|Any CPU.ActiveCfg = Release|Any CPU
		{0670E448-0CB4-4610-A2C1-54B67D4DB997}.Release|Any CPU.Build.0 = Release|Any CPU
		{9C570EA5-6CB0-45D7-B59E-FBAC6BDF58A0}.Debug|Any CPU.ActiveCfg = Debug|Any CPU
		{9C570EA5-6CB0-45D7-B59E-FBAC6BDF58A0}.Debug|Any CPU.Build.0 = Debug|Any CPU
		{9C570EA5-6CB0-45D7-B59E-FBAC6BDF58A0}.Release|Any CPU.ActiveCfg = Release|Any CPU
		{9C570EA5-6CB0-45D7-B59E-FBAC6BDF58A0}.Release|Any CPU.Build.0 = Release|Any CPU
	EndGlobalSection
	GlobalSection(SolutionProperties) = preSolution
		HideSolutionNode = FALSE
	EndGlobalSection
EndGlobal
